
Microsoft Visual Studio Solution File, Format Version 12.00
# Visual Studio Version 17
VisualStudioVersion = 17.9.34902.65
MinimumVisualStudioVersion = 10.0.40219.1
Project("{FAE04EC0-301F-11D3-BF4B-00C04F79EFBC}") = "EditorHelper", "EditorHelper\EditorHelper.csproj", "{BF63AFB6-0667-4AF2-89F5-20D55F04E1C6}"
EndProject
Global
	GlobalSection(SolutionConfigurationPlatforms) = preSolution
		Debug|Any CPU = Debug|Any CPU
		Release|Any CPU = Release|Any CPU
	EndGlobalSection
	GlobalSection(ProjectConfigurationPlatforms) = postSolution
		{BF63AFB6-0667-4AF2-89F5-20D55F04E1C6}.Debug|Any CPU.ActiveCfg = Debug|Any CPU
		{BF63AFB6-0667-4AF2-89F5-20D55F04E1C6}.Debug|Any CPU.Build.0 = Debug|Any CPU
		{BF63AFB6-0667-4AF2-89F5-20D55F04E1C6}.Release|Any CPU.ActiveCfg = Release|Any CPU
		{BF63AFB6-0667-4AF2-89F5-20D55F04E1C6}.Release|Any CPU.Build.0 = Release|Any CPU
	EndGlobalSection
	GlobalSection(SolutionProperties) = preSolution
		HideSolutionNode = FALSE
	EndGlobalSection
	GlobalSection(ExtensibilityGlobals) = postSolution
		SolutionGuid = {5B9D3C64-EF2D-4BAF-92E8-43B951189D2C}
	EndGlobalSection
EndGlobal
